{
  "name": "miniclaude",
  "version": "0.2.1",
  "lockfileVersion": 3,
  "requires": true,
  "packages": {
    "": {
      "name": "miniclaude",
      "version": "0.2.1",
      "license": "MIT",
      "bin": {
        "miniclaude": "bin/miniclaude.mjs"
      },
      "engines": {
        "node": ">=18"
      }
    }
  }
}
