version = 1
revision = 3
requires-python = ">=3.11"
resolution-markers = [
    "python_full_version >= '3.12'",
    "python_full_version < '3.12'",
]

[[package]]
name = "claudestream"
version = "0.13.1"
source = { registry = "https://pypi.org/simple" }
dependencies = [
    { name = "claudewheel" },
    { name = "msgspec" },
    { name = "selfdoc", version = "0.24.0", source = { registry = "https://pypi.org/simple" }, marker = "python_full_version < '3.12'" },
    { name = "selfdoc", version = "0.33.0", source = { registry = "https://pypi.org/simple" }, marker = "python_full_version >= '3.12'" },
    { name = "strictcli" },
]
sdist = { url = "https://files.pythonhosted.org/packages/0b/8c/4a16e9491e578fbaf18e57626a639a010152694efd31c4a17f19e587a67b/claudestream-0.13.1.tar.gz", hash = "sha256:ca429575b855eb068921e56e0c418574820280110428cad0c542524ec0b67fea", size = 222501, upload-time = "2026-07-13T17:25:09.247Z" }
wheels = [
    { url = "https://files.pythonhosted.org/packages/12/bf/4e0b3ed73740aa980f6e376e91a83f6f63d68a326688b940b9bca1c37384/claudestream-0.13.1-py3-none-any.whl", hash = "sha256:3d5b3d4fdfc6a9b2e8558b774a81eadc3d17caf4503238588fb3228a41b56992", size = 53468, upload-time = "2026-07-13T17:25:07.81Z" },
]

[[package]]
name = "claudewheel"
version = "0.22.1"
source = { registry = "https://pypi.org/simple" }
dependencies = [
    { name = "strictcli" },
]
sdist = { url = "https://files.pythonhosted.org/packages/c0/29/19a5732b8cab9301033334bb97c2f1547764058fdc399fdfe87e6e8d9f81/claudewheel-0.22.1.tar.gz", hash = "sha256:9c9ec4783fb44b1c7addea2f3e12fd96f934ef1c5359d47d46b2ff202cd07396", size = 2895889, upload-time = "2026-07-11T10:50:35.628Z" }
wheels = [
    { url = "https://files.pythonhosted.org/packages/e4/8f/3b4149108374e0bc136432c2b5fef0f0f35fc9d24c09e1121c5480d93d74/claudewheel-0.22.1-py3-none-any.whl", hash = "sha256:88ee631276b0332176d2ace7edd93830fcb8ed76bb8c5a371854f5126b94889b", size = 150333, upload-time = "2026-07-11T10:50:33.651Z" },
]

[[package]]
name = "colorama"
version = "0.4.6"
source = { registry = "https://pypi.org/simple" }
sdist = { url = "https://files.pythonhosted.org/packages/d8/53/6f443c9a4a8358a93a6792e2acffb9d9d5cb0a5cfd8802644b7b1c9a02e4/colorama-0.4.6.tar.gz", hash = "sha256:08695f5cb7ed6e0531a20572697297273c47b8cae5a63ffc6d6ed5c201be6e44", size = 27697, upload-time = "2022-10-25T02:36:22.414Z" }
wheels = [
    { url = "https://files.pythonhosted.org/packages/d1/d6/3965ed04c63042e047cb6a3e6ed1a63a35087b6a609aa3a15ed8ac56c221/colorama-0.4.6-py2.py3-none-any.whl", hash = "sha256:4f1d9991f5acc0ca119f9d443620b77f9d6b33703e51011c16baf57afb285fc6", size = 25335, upload-time = "2022-10-25T02:36:20.889Z" },
]

[[package]]
name = "iniconfig"
version = "2.3.0"
source = { registry = "https://pypi.org/simple" }
sdist = { url = "https://files.pythonhosted.org/packages/72/34/14ca021ce8e5dfedc35312d08ba8bf51fdd999c576889fc2c24cb97f4f10/iniconfig-2.3.0.tar.gz", hash = "sha256:c76315c77db068650d49c5b56314774a7804df16fee4402c1f19d6d15d8c4730", size = 20503, upload-time = "2025-10-18T21:55:43.219Z" }
wheels = [
    { url = "https://files.pythonhosted.org/packages/cb/b1/3846dd7f199d53cb17f49cba7e651e9ce294d8497c8c150530ed11865bb8/iniconfig-2.3.0-py3-none-any.whl", hash = "sha256:f631c04d2c48c52b84d0d0549c99ff3859c98df65b3101406327ecc7d53fbf12", size = 7484, upload-time = "2025-10-18T21:55:41.639Z" },
]

[[package]]
name = "miniclaude"
version = "0.2.0"
source = { editable = "." }
dependencies = [
    { name = "claudestream" },
    { name = "prompt-toolkit" },
    { name = "strictcli" },
]

[package.dev-dependencies]
dev = [
    { name = "pyte" },
    { name = "pytest" },
    { name = "pytest-timeout" },
]

[package.metadata]
requires-dist = [
    { name = "claudestream" },
    { name = "prompt-toolkit" },
    { name = "strictcli" },
]

[package.metadata.requires-dev]
dev = [
    { name = "pyte", specifier = ">=0.8.2" },
    { name = "pytest" },
    { name = "pytest-timeout" },
]

[[package]]
name = "msgspec"
version = "0.21.1"
source = { registry = "https://pypi.org/simple" }
sdist = { url = "https://files.pythonhosted.org/packages/e3/60/f79b9b013a16fa3a58350c9295ddc6789f2e335f36ea61ed10a21b215364/msgspec-0.21.1.tar.gz", hash = "sha256:2313508e394b0d208f8f56892ca9b2799e2561329de9763b19619595a6c0f72c", size = 319193, upload-time = "2026-04-12T21:44:50.394Z" }
wheels = [
    { url = "https://files.pythonhosted.org/packages/ba/7f/bbc4e74cd33d316b75541149e4d35b163b63bce066530ae185a2ec3b5bfc/msgspec-0.21.1-cp311-cp311-macosx_10_9_x86_64.whl", hash = "sha256:b504b6e7f7a22a24b27232b73034421692147865162daaec9f3bf62439007c87", size = 193131, upload-time = "2026-04-12T21:43:56.094Z" },
    { url = "https://files.pythonhosted.org/packages/c1/60/504886af1aaf854112663b842d5eea9a15d9588f9bf7d0d2df736424b84d/msgspec-0.21.1-cp311-cp311-macosx_11_0_arm64.whl", hash = "sha256:4692b7c1609155708c4418f88e92f63c13fdf08aa095c84bae82bad75b53389b", size = 186597, upload-time = "2026-04-12T21:43:57.242Z" },
    { url = "https://files.pythonhosted.org/packages/fa/54/d24ddeaa65b5278c9e67f48ce3c17a9831e8f3722f3c8322ee120aca22ef/msgspec-0.21.1-cp311-cp311-manylinux2014_aarch64.manylinux_2_17_aarch64.manylinux_2_28_aarch64.whl", hash = "sha256:d3124010b3815451494c85ff345e693cb9fe5889cfcbbef39ed8622e0e72319c", size = 215158, upload-time = "2026-04-12T21:43:58.442Z" },
    { url = "https://files.pythonhosted.org/packages/9f/75/bb79c8b89a93ae23cd33c0d802373f16feaf9633f05d8af77091350dda0a/msgspec-0.21.1-cp311-cp311-manylinux2014_x86_64.manylinux_2_17_x86_64.manylinux_2_28_x86_64.whl", hash = "sha256:6badc03b9725352219cca017bfe71c61f2fbd0fb5982b410ac17c97c213deb30", size = 219856, upload-time = "2026-04-12T21:44:00.015Z" },
    { url = "https://files.pythonhosted.org/packages/b4/9c/c5ca26b46f0ebbd3a6683695ef89396712cb9e4199fd1f0bc1dd968216b1/msgspec-0.21.1-cp311-cp311-musllinux_1_2_aarch64.whl", hash = "sha256:5d2d4116ebe3035a78d9ec76e99a9d64e5fa6d44fe61a9c5de7fd1acf54bcc69", size = 220314, upload-time = "2026-04-12T21:44:01.548Z" },
    { url = "https://files.pythonhosted.org/packages/c8/31/645a351c4285dce40ed6755c3dcc0aa648e26dacb20a98018fe2cce5e87b/msgspec-0.21.1-cp311-cp311-musllinux_1_2_x86_64.whl", hash = "sha256:0d1009f6715f5bff3b54d4ff5c7428ad96197e0534e1645b8e9b955890c84664", size = 223215, upload-time = "2026-04-12T21:44:02.884Z" },
    { url = "https://files.pythonhosted.org/packages/09/af/8bf15736a6dd3cb4f90c5467f6dc39197d2daaf10754490cdc0aa17b7312/msgspec-0.21.1-cp311-cp311-win_amd64.whl", hash = "sha256:c6faffe5bb644ec884052679af4dfd776d4b5ca90e4a7ec7e7e319e4e6b93a6e", size = 188554, upload-time = "2026-04-12T21:44:04.151Z" },
    { url = "https://files.pythonhosted.org/packages/ef/29/cc7db3a165b62d16e64a83f82eccb79655055cb5bc1f60459a6f9d7c82f2/msgspec-0.21.1-cp311-cp311-win_arm64.whl", hash = "sha256:ee9e3f11fa94603f7d673bf795cfa31b549c4a2c723bc39b45beb1e7f5a3fb99", size = 174517, upload-time = "2026-04-12T21:44:05.66Z" },
    { url = "https://files.pythonhosted.org/packages/6e/cf/317224852c00248c620a9bcf4b26e2e4ab8afd752f18d2a6ef73ebd423b6/msgspec-0.21.1-cp312-cp312-macosx_10_13_x86_64.whl", hash = "sha256:d4248cf0b6129b7d230eacd493c17cc2d4f3989f3bb7f633a928a85b7dcfa251", size = 196188, upload-time = "2026-04-12T21:44:07.181Z" },
    { url = "https://files.pythonhosted.org/packages/6d/81/074612945c0666078f7366f40000013de9f6ba687491d450df699bceebc9/msgspec-0.21.1-cp312-cp312-macosx_11_0_arm64.whl", hash = "sha256:5102c7e9b3acff82178449b85006d96310e690291bb1ea0142f1b24bcb8aabcb", size = 188473, upload-time = "2026-04-12T21:44:08.736Z" },
    { url = "https://files.pythonhosted.org/packages/8a/37/655101799590bcc5fddb2bd3fe0e6194e816c2d1da7c361725f5eb89a910/msgspec-0.21.1-cp312-cp312-manylinux2014_aarch64.manylinux_2_17_aarch64.manylinux_2_28_aarch64.whl", hash = "sha256:846758412e9518252b2ac9bffd6f0e54d9ff614f5f9488df7749f81ff5c80920", size = 218871, upload-time = "2026-04-12T21:44:09.917Z" },
    { url = "https://files.pythonhosted.org/packages/b5/d1/d4cd9fe89c7d400d7a18f86ccc94daa3f0927f53558846fcb60791dce5d6/msgspec-0.21.1-cp312-cp312-manylinux2014_x86_64.manylinux_2_17_x86_64.manylinux_2_28_x86_64.whl", hash = "sha256:21995e74b5c598c2e004110ad66ec7f1b8c20bf2bcf3b2de8fd9a3094422d3ff", size = 225025, upload-time = "2026-04-12T21:44:11.191Z" },
    { url = "https://files.pythonhosted.org/packages/24/bf/e20549e602b9edccadeeff98760345a416f9cce846a657e8b18e3396b212/msgspec-0.21.1-cp312-cp312-musllinux_1_2_aarch64.whl", hash = "sha256:6129f0cca52992e898fd5344187f7c8127b63d810b2fd73e36fca73b4c6475ee", size = 222672, upload-time = "2026-04-12T21:44:12.481Z" },
    { url = "https://files.pythonhosted.org/packages/b4/68/04d7a8f0f786545cf9b8c280c57aa6befb5977af6e884b8b54191cbe44b3/msgspec-0.21.1-cp312-cp312-musllinux_1_2_x86_64.whl", hash = "sha256:ef3ec2296248d1f8b9231acb051b6d471dfde8f21819e86c9adaaa9f42918521", size = 227303, upload-time = "2026-04-12T21:44:13.709Z" },
    { url = "https://files.pythonhosted.org/packages/cc/4d/619866af2840875be408047bf9e70ceafbae6ab50660de7134ed1b25eb86/msgspec-0.21.1-cp312-cp312-win_amd64.whl", hash = "sha256:d4ab834a054c6f0cbeef6df9e7e1b33d5f1bc7b86dea1d2fd7cad003873e783d", size = 190017, upload-time = "2026-04-12T21:44:14.977Z" },
    { url = "https://files.pythonhosted.org/packages/5e/2e/a8f9eca8fd00e097d7a9e99ba8a4685db994494448e3d4f0b7f6e9a3c0f7/msgspec-0.21.1-cp312-cp312-win_arm64.whl", hash = "sha256:628aaa35c74950a8c59da330d7e98917e1c7188f983745782027748ee4ca573e", size = 175345, upload-time = "2026-04-12T21:44:16.431Z" },
    { url = "https://files.pythonhosted.org/packages/7e/74/f11ede02839b19ff459f88e3145df5d711626ca84da4e23520cebf819367/msgspec-0.21.1-cp313-cp313-macosx_10_13_x86_64.whl", hash = "sha256:764173717a01743f007e9f74520ed281f24672c604514f7d76c1c3a10e8edb66", size = 196176, upload-time = "2026-04-12T21:44:17.613Z" },
    { url = "https://files.pythonhosted.org/packages/bb/40/4476c1bd341418a046c4955aff632ec769315d1e3cb94e6acf86d461f9ed/msgspec-0.21.1-cp313-cp313-macosx_11_0_arm64.whl", hash = "sha256:344c7cd0eaed1fb81d7959f99100ef71ec9b536881a376f11b9a6c4803365697", size = 188524, upload-time = "2026-04-12T21:44:18.815Z" },
    { url = "https://files.pythonhosted.org/packages/ca/d9/9e9d7d7e5061b47540d03d640fab9b3965ba7ae49c1b2154861c8f007518/msgspec-0.21.1-cp313-cp313-manylinux2014_aarch64.manylinux_2_17_aarch64.manylinux_2_28_aarch64.whl", hash = "sha256:48943e278b3854c2f89f955ddc6f9f430d3f0784b16e47d10604ee0463cd21f5", size = 218880, upload-time = "2026-04-12T21:44:20.028Z" },
    { url = "https://files.pythonhosted.org/packages/74/66/2bb344f34abb4b57e60c7c9c761994e0417b9718ec1460bf00c296f2a7ea/msgspec-0.21.1-cp313-cp313-manylinux2014_x86_64.manylinux_2_17_x86_64.manylinux_2_28_x86_64.whl", hash = "sha256:a9aa659ebb0101b1cbc31461212b87e341d961f0ab0772aaf068a99e001ec4aa", size = 225050, upload-time = "2026-04-12T21:44:21.577Z" },
    { url = "https://files.pythonhosted.org/packages/1a/84/7c1e412f76092277bf760cef12b7979d03314d259ab5b5cafde5d0c1722d/msgspec-0.21.1-cp313-cp313-musllinux_1_2_aarch64.whl", hash = "sha256:f7b27d1a8ead2b6f5b0c4f2d07b8be1ccfcc041c8a0e704781edebe3ae13c484", size = 222713, upload-time = "2026-04-12T21:44:22.83Z" },
    { url = "https://files.pythonhosted.org/packages/4e/27/0bba04b2b4ef05f3d068429410bc71d2cea925f1596a8f41152cccd5edb8/msgspec-0.21.1-cp313-cp313-musllinux_1_2_x86_64.whl", hash = "sha256:38fe93e86b61328fe544cb7fd871fad5a27c8734bfda90f65e5dbe288ae50f61", size = 227259, upload-time = "2026-04-12T21:44:24.11Z" },
    { url = "https://files.pythonhosted.org/packages/b0/2d/09574b0eea02fed2c2c1383dbaae2c7f79dc16dcd6487a886000afb5d7c4/msgspec-0.21.1-cp313-cp313-win_amd64.whl", hash = "sha256:8bc666331c35fcce05a7cd2d6221adbe0f6058f8e750711413d22793c080ac6a", size = 189857, upload-time = "2026-04-12T21:44:25.359Z" },
    { url = "https://files.pythonhosted.org/packages/46/34/105b1576ad182879914f0c821f17ee1d13abb165cb060448f96fe2aff078/msgspec-0.21.1-cp313-cp313-win_arm64.whl", hash = "sha256:42bb1241e0750c1a4346f2aa84db26c5ffd99a4eb3a954927d9f149ff2f42898", size = 175403, upload-time = "2026-04-12T21:44:26.608Z" },
    { url = "https://files.pythonhosted.org/packages/5a/ad/86954e987d1d6a5c579e2c2e7832b65e0fff194179fdac4f581536086024/msgspec-0.21.1-cp314-cp314-macosx_10_15_x86_64.whl", hash = "sha256:fab48eb45fdbfbdb2c0edfec00ffc53b6b6085beefc6b50b61e01659f9f8757f", size = 196261, upload-time = "2026-04-12T21:44:27.807Z" },
    { url = "https://files.pythonhosted.org/packages/d1/a1/c5e46c3e42b866199365e35d11dddfd1fbd8bba4fdb3c52f965b1607ce94/msgspec-0.21.1-cp314-cp314-macosx_11_0_arm64.whl", hash = "sha256:3cb779ea0c35bc807ff941d415875c1f69ca0be91a2e907ab99a171811d86a9a", size = 188729, upload-time = "2026-04-12T21:44:28.99Z" },
    { url = "https://files.pythonhosted.org/packages/85/7d/1e29a319d678d6cb962ae5bdf32a6858ebdf38f73bc654c0e9c742a0c2c8/msgspec-0.21.1-cp314-cp314-manylinux2014_aarch64.manylinux_2_17_aarch64.manylinux_2_28_aarch64.whl", hash = "sha256:68604db36b3b4dd9bf160e436e12798a4738848144cea1aca1cb984011eb160f", size = 219866, upload-time = "2026-04-12T21:44:31.104Z" },
    { url = "https://files.pythonhosted.org/packages/25/1f/cca084ca2572810fff12ea9dbdcbe39eac048f40daf4a9077b49fcbe8cee/msgspec-0.21.1-cp314-cp314-manylinux2014_x86_64.manylinux_2_17_x86_64.manylinux_2_28_x86_64.whl", hash = "sha256:3d6b9dc50948eaf65df54d2fd0ff66e6d8c32f116037209ee861810eb9b676cb", size = 224993, upload-time = "2026-04-12T21:44:32.649Z" },
    { url = "https://files.pythonhosted.org/packages/71/94/d2120fc9d419a89a3a7c13e5b7078798c4b392a96a02a6e2b3ce43a8766c/msgspec-0.21.1-cp314-cp314-musllinux_1_2_aarch64.whl", hash = "sha256:52c5e21930942302394429c5a582ce7e6b62c7f983b3760834c2ce107e0dd6df", size = 223535, upload-time = "2026-04-12T21:44:33.839Z" },
    { url = "https://files.pythonhosted.org/packages/75/17/42418b66a3ad972a89bab73dd78b79cc6282bb488a25e73c853cee7443b9/msgspec-0.21.1-cp314-cp314-musllinux_1_2_x86_64.whl", hash = "sha256:abbb39d65681fa24ed394e01af3d59d869068324f900c61d06062b7fb9980f2f", size = 227222, upload-time = "2026-04-12T21:44:35.093Z" },
    { url = "https://files.pythonhosted.org/packages/c4/33/265c894268cca88ff67b144ca2b4c522fc8b9a6f1966a3640c70516e78e1/msgspec-0.21.1-cp314-cp314-win_amd64.whl", hash = "sha256:5666b1b560b97b6ec2eb3fca8a502298ebac56e13bbca1f88523538ce83d01ea", size = 193810, upload-time = "2026-04-12T21:44:36.612Z" },
    { url = "https://files.pythonhosted.org/packages/3b/8f/a6d35f25bf1fc63c492fdd88fdce01ba0875ead48c2b91f90f33653b4131/msgspec-0.21.1-cp314-cp314-win_arm64.whl", hash = "sha256:d8b8578e4c83b14ceea4cef0d0b747e31d9330fe4b03b2b2ad4063866a178f93", size = 179125, upload-time = "2026-04-12T21:44:38.198Z" },
    { url = "https://files.pythonhosted.org/packages/c6/39/74839641e64b99d87da55af0fc472854d42b46e2183b9e2a67fe1bb2a512/msgspec-0.21.1-cp314-cp314t-macosx_10_15_x86_64.whl", hash = "sha256:15f523d51c00ebad412213bfe9f06f0a50ec2b93e0c19e824a2d267cabb48ea2", size = 200171, upload-time = "2026-04-12T21:44:39.414Z" },
    { url = "https://files.pythonhosted.org/packages/70/9b/ce0cca6d2d87fcd4b6ff97600790494e64f26a2c55d61507cd2755c16193/msgspec-0.21.1-cp314-cp314t-macosx_11_0_arm64.whl", hash = "sha256:4e47390360583ba3d5c6cb44cf0a9f61b0a06a899d3c2c00627cedebb2e2884b", size = 192879, upload-time = "2026-04-12T21:44:40.882Z" },
    { url = "https://files.pythonhosted.org/packages/a7/08/673a7bb05e5702dc787ddd3011195b509f9867927970da59052211929987/msgspec-0.21.1-cp314-cp314t-manylinux2014_aarch64.manylinux_2_17_aarch64.manylinux_2_28_aarch64.whl", hash = "sha256:f60800e6299b798142dc40b0644da77ceac5ea0568be58228417eae14135c847", size = 226281, upload-time = "2026-04-12T21:44:42.181Z" },
    { url = "https://files.pythonhosted.org/packages/7d/45/86508cf57283e9070b3c447e3ab25b792a7a0855a3ea4e0c6d111ac34c97/msgspec-0.21.1-cp314-cp314t-manylinux2014_x86_64.manylinux_2_17_x86_64.manylinux_2_28_x86_64.whl", hash = "sha256:5f8e9dfcd98419cf7568808470c4317a3fb30bef0e3715b568730a2b272a20d7", size = 229863, upload-time = "2026-04-12T21:44:43.442Z" },
    { url = "https://files.pythonhosted.org/packages/2c/62/e7c9367cd08d590559faacd711edbae36840342843e669440363f33c7d36/msgspec-0.21.1-cp314-cp314t-musllinux_1_2_aarch64.whl", hash = "sha256:92d89dfad13bd1ea640dc3e37e724ed380da1030b272bdf5ecafb983c3ad7c75", size = 230445, upload-time = "2026-04-12T21:44:44.806Z" },
    { url = "https://files.pythonhosted.org/packages/42/b4/c0f54632103846b658a10930025f4de41c8724b5e4805a5f3b395586cb7e/msgspec-0.21.1-cp314-cp314t-musllinux_1_2_x86_64.whl", hash = "sha256:0d03867786e5d7ba25d666df4b11320c27170f4aeafcb8e3a8b0a50a4fb742ca", size = 231822, upload-time = "2026-04-12T21:44:46.343Z" },
    { url = "https://files.pythonhosted.org/packages/ea/1d/0d85cc79d0ccf5508e9c846cc66552a6a16bf92abd1dbd8362617f7b35cd/msgspec-0.21.1-cp314-cp314t-win_amd64.whl", hash = "sha256:740fbf1c9d59992ca3537d6fbe9ebbf9eaf726a65fbf31448e0ecbc710697a63", size = 206650, upload-time = "2026-04-12T21:44:47.601Z" },
    { url = "https://files.pythonhosted.org/packages/90/91/56c5d560f20e6c20e9e4f55bd0e458f7f162aa689ee350346c04c48eac0b/msgspec-0.21.1-cp314-cp314t-win_arm64.whl", hash = "sha256:0d2cc73df6058d811a126ac3a8ad63a4dfa210c82f9cf5a004802eaf4712de90", size = 183149, upload-time = "2026-04-12T21:44:48.833Z" },
]

[[package]]
name = "packaging"
version = "26.2"
source = { registry = "https://pypi.org/simple" }
sdist = { url = "https://files.pythonhosted.org/packages/d7/f1/e7a6dd94a8d4a5626c03e4e99c87f241ba9e350cd9e6d75123f992427270/packaging-26.2.tar.gz", hash = "sha256:ff452ff5a3e828ce110190feff1178bb1f2ea2281fa2075aadb987c2fb221661", size = 228134, upload-time = "2026-04-24T20:15:23.917Z" }
wheels = [
    { url = "https://files.pythonhosted.org/packages/df/b2/87e62e8c3e2f4b32e5fe99e0b86d576da1312593b39f47d8ceef365e95ed/packaging-26.2-py3-none-any.whl", hash = "sha256:5fc45236b9446107ff2415ce77c807cee2862cb6fac22b8a73826d0693b0980e", size = 100195, upload-time = "2026-04-24T20:15:22.081Z" },
]

[[package]]
name = "pluggy"
version = "1.6.0"
source = { registry = "https://pypi.org/simple" }
sdist = { url = "https://files.pythonhosted.org/packages/f9/e2/3e91f31a7d2b083fe6ef3fa267035b518369d9511ffab804f839851d2779/pluggy-1.6.0.tar.gz", hash = "sha256:7dcc130b76258d33b90f61b658791dede3486c3e6bfb003ee5c9bfb396dd22f3", size = 69412, upload-time = "2025-05-15T12:30:07.975Z" }
wheels = [
    { url = "https://files.pythonhosted.org/packages/54/20/4d324d65cc6d9205fabedc306948156824eb9f0ee1633355a8f7ec5c66bf/pluggy-1.6.0-py3-none-any.whl", hash = "sha256:e920276dd6813095e9377c0bc5566d94c932c33b27a3e3945d8389c374dd4746", size = 20538, upload-time = "2025-05-15T12:30:06.134Z" },
]

[[package]]
name = "prompt-toolkit"
version = "3.0.52"
source = { registry = "https://pypi.org/simple" }
dependencies = [
    { name = "wcwidth" },
]
sdist = { url = "https://files.pythonhosted.org/packages/a1/96/06e01a7b38dce6fe1db213e061a4602dd6032a8a97ef6c1a862537732421/prompt_toolkit-3.0.52.tar.gz", hash = "sha256:28cde192929c8e7321de85de1ddbe736f1375148b02f2e17edd840042b1be855", size = 434198, upload-time = "2025-08-27T15:24:02.057Z" }
wheels = [
    { url = "https://files.pythonhosted.org/packages/84/03/0d3ce49e2505ae70cf43bc5bb3033955d2fc9f932163e84dc0779cc47f48/prompt_toolkit-3.0.52-py3-none-any.whl", hash = "sha256:9aac639a3bbd33284347de5ad8d68ecc044b91a762dc39b7c21095fcd6a19955", size = 391431, upload-time = "2025-08-27T15:23:59.498Z" },
]

[[package]]
name = "pygments"
version = "2.20.0"
source = { registry = "https://pypi.org/simple" }
sdist = { url = "https://files.pythonhosted.org/packages/c3/b2/bc9c9196916376152d655522fdcebac55e66de6603a76a02bca1b6414f6c/pygments-2.20.0.tar.gz", hash = "sha256:6757cd03768053ff99f3039c1a36d6c0aa0b263438fcab17520b30a303a82b5f", size = 4955991, upload-time = "2026-03-29T13:29:33.898Z" }
wheels = [
    { url = "https://files.pythonhosted.org/packages/f4/7e/a72dd26f3b0f4f2bf1dd8923c85f7ceb43172af56d63c7383eb62b332364/pygments-2.20.0-py3-none-any.whl", hash = "sha256:81a9e26dd42fd28a23a2d169d86d7ac03b46e2f8b59ed4698fb4785f946d0176", size = 1231151, upload-time = "2026-03-29T13:29:30.038Z" },
]

[[package]]
name = "pyte"
version = "0.8.2"
source = { registry = "https://pypi.org/simple" }
dependencies = [
    { name = "wcwidth" },
]
sdist = { url = "https://files.pythonhosted.org/packages/ab/ab/b599762933eba04de7dc5b31ae083112a6c9a9db15b01d3109ad797559d9/pyte-0.8.2.tar.gz", hash = "sha256:5af970e843fa96a97149d64e170c984721f20e52227a2f57f0a54207f08f083f", size = 92301, upload-time = "2023-11-12T09:33:43.217Z" }
wheels = [
    { url = "https://files.pythonhosted.org/packages/59/d0/bb522283b90853afbf506cd5b71c650cf708829914efd0003d615cf426cd/pyte-0.8.2-py3-none-any.whl", hash = "sha256:85db42a35798a5aafa96ac4d8da78b090b2c933248819157fc0e6f78876a0135", size = 31627, upload-time = "2023-11-12T09:33:41.096Z" },
]

[[package]]
name = "pytest"
version = "9.1.1"
source = { registry = "https://pypi.org/simple" }
dependencies = [
    { name = "colorama", marker = "sys_platform == 'win32'" },
    { name = "iniconfig" },
    { name = "packaging" },
    { name = "pluggy" },
    { name = "pygments" },
]
sdist = { url = "https://files.pythonhosted.org/packages/e4/47/b9efed96c114afcfa3c9d3fe98a76a1d14c74a9e266d397cf6eb64be5e01/pytest-9.1.1.tar.gz", hash = "sha256:1088fbde8f2b49d95a549a195707afa7a76a3ce9bcadc26b6d71f0ffda5fe313", size = 1636369, upload-time = "2026-06-19T10:58:32.857Z" }
wheels = [
    { url = "https://files.pythonhosted.org/packages/24/25/1de2678b631f5a49215c6c96fff41ba892b0a34df68d6d80292b1b48aa7f/pytest-9.1.1-py3-none-any.whl", hash = "sha256:37a86b45efb9a47a61a36449063e8e18d0cab3161329fc099eb21783169c4f0c", size = 386536, upload-time = "2026-06-19T10:58:31.347Z" },
]

[[package]]
name = "pytest-timeout"
version = "2.4.0"
source = { registry = "https://pypi.org/simple" }
dependencies = [
    { name = "pytest" },
]
sdist = { url = "https://files.pythonhosted.org/packages/ac/82/4c9ecabab13363e72d880f2fb504c5f750433b2b6f16e99f4ec21ada284c/pytest_timeout-2.4.0.tar.gz", hash = "sha256:7e68e90b01f9eff71332b25001f85c75495fc4e3a836701876183c4bcfd0540a", size = 17973, upload-time = "2025-05-05T19:44:34.99Z" }
wheels = [
    { url = "https://files.pythonhosted.org/packages/fa/b6/3127540ecdf1464a00e5a01ee60a1b09175f6913f0644ac748494d9c4b21/pytest_timeout-2.4.0-py3-none-any.whl", hash = "sha256:c42667e5cdadb151aeb5b26d114aff6bdf5a907f176a007a30b940d3d865b5c2", size = 14382, upload-time = "2025-05-05T19:44:33.502Z" },
]

[[package]]
name = "selfdoc"
version = "0.24.0"
source = { registry = "https://pypi.org/simple" }
resolution-markers = [
    "python_full_version < '3.12'",
]
dependencies = [
    { name = "strictcli", marker = "python_full_version < '3.12'" },
]
sdist = { url = "https://files.pythonhosted.org/packages/e9/7b/f1e404da6ccc31ae01335ead3896682b23caf97e6b4f977519549d6279be/selfdoc-0.24.0.tar.gz", hash = "sha256:9399498167a37aed7757029c425b634c77c73249b4f16b782d9cc12ed1146614", size = 772693, upload-time = "2026-07-02T13:37:03.608Z" }
wheels = [
    { url = "https://files.pythonhosted.org/packages/94/50/36d1f876449964d28680ecd11a55b891b6661d476b0c9fac754ff8d1ae77/selfdoc-0.24.0-py3-none-any.whl", hash = "sha256:2d9479b9d352d903b69cee9cd4d964ac3b9871410e61e113ca662a16598de177", size = 292215, upload-time = "2026-07-02T13:37:01.799Z" },
]

[[package]]
name = "selfdoc"
version = "0.33.0"
source = { registry = "https://pypi.org/simple" }
resolution-markers = [
    "python_full_version >= '3.12'",
]
dependencies = [
    { name = "selfdoc-core", marker = "python_full_version >= '3.12'" },
    { name = "strictcli", marker = "python_full_version >= '3.12'" },
]
sdist = { url = "https://files.pythonhosted.org/packages/49/9c/2d0471ef6f5470223bd2369a472b1f5f936f55f7af8472a885b3c60d7a91/selfdoc-0.33.0.tar.gz", hash = "sha256:0cfd37d4a2cf7ac0de807c3fa3b56f6f9cc101c6a687b3c010456f7e2bbfdb77", size = 79305, upload-time = "2026-07-11T14:40:20.037Z" }
wheels = [
    { url = "https://files.pythonhosted.org/packages/e3/e4/8ae68345e3b14100d093327ecf49c3e4fdb22a03b6b7abec3774731a5d95/selfdoc-0.33.0-py3-none-any.whl", hash = "sha256:138e64c8a850f68f6a4d75777bea21e98a109f09d696ebdbf102fb3a1cffe82b", size = 99918, upload-time = "2026-07-11T14:40:18.778Z" },
]

[[package]]
name = "selfdoc-core"
version = "0.5.0"
source = { registry = "https://pypi.org/simple" }
sdist = { url = "https://files.pythonhosted.org/packages/82/a9/694ae9a4e1193ce58144ac5cebdafd8e2e49a1f4a34f90fbe759bf9f38a6/selfdoc_core-0.5.0.tar.gz", hash = "sha256:161e14f5fba878b3aedf2d69a2e40d7691e923bc130aee94ff005c660b3f12f1", size = 212313, upload-time = "2026-07-11T14:38:33.674Z" }
wheels = [
    { url = "https://files.pythonhosted.org/packages/db/86/f9e650015d7b7137d71d8b642167d62677342b4a6e5109e36720b7721b9a/selfdoc_core-0.5.0-py3-none-any.whl", hash = "sha256:6a863f1f5d3912f3c314e14e4b890e71e08e82a3146390ebdefde02cc13ae42c", size = 243794, upload-time = "2026-07-11T14:38:32.239Z" },
]

[[package]]
name = "strictcli"
version = "0.36.0"
source = { registry = "https://pypi.org/simple" }
dependencies = [
    { name = "tomlkit" },
]
sdist = { url = "https://files.pythonhosted.org/packages/e3/b4/5ad0aa4f8912a87716e75614d85c8d8c27b6dcc6bdbf9b3de1303c22714a/strictcli-0.36.0.tar.gz", hash = "sha256:3ad801d2919ac1b0ecb68f04a1062e2cedd7d58d3ad6d4aa1ba0eca7e11d7d05", size = 260732, upload-time = "2026-08-04T20:49:45.559Z" }
wheels = [
    { url = "https://files.pythonhosted.org/packages/b7/be/a924f2e95af0642a0c6358ec6b5b998b5adef5625814cb5024d1a564b677/strictcli-0.36.0-py3-none-any.whl", hash = "sha256:1aa2fa464fb7b1505485c79e3436942ca5c2dfe39958f8de7f2e3e7271baa98f", size = 101923, upload-time = "2026-08-04T20:49:43.962Z" },
]

[[package]]
name = "tomlkit"
version = "0.15.1"
source = { registry = "https://pypi.org/simple" }
sdist = { url = "https://files.pythonhosted.org/packages/94/96/e07752635b98536177fa1f37671c8f3cdde2e724c6bcf6034b2cfb571565/tomlkit-0.15.1.tar.gz", hash = "sha256:e25bbf38843005246210a12982776f27f99cb9be67160e14434d0c0d21ee1e97", size = 180129, upload-time = "2026-07-17T01:48:04.562Z" }
wheels = [
    { url = "https://files.pythonhosted.org/packages/13/bc/8c13eb66537dce1d2bd3a57132902f38d0e7f5bb46fa9f4daed9fe9d76ee/tomlkit-0.15.1-py3-none-any.whl", hash = "sha256:177a05aece5a8ca5266fd3c448abb47b8d352f09d477d3ca8332db4d89b24304", size = 49449, upload-time = "2026-07-17T01:48:05.728Z" },
]

[[package]]
name = "wcwidth"
version = "0.8.2"
source = { registry = "https://pypi.org/simple" }
sdist = { url = "https://files.pythonhosted.org/packages/34/74/c6428f875774288bec1396f5bfcbc2d925700a4dad61727fd5f2b12f249d/wcwidth-0.8.2.tar.gz", hash = "sha256:91fbef97204b96a3d4d421609b80340b760cf33e26da123ff243d76b1fda8dda", size = 1466253, upload-time = "2026-06-29T18:11:11.601Z" }
wheels = [
    { url = "https://files.pythonhosted.org/packages/96/42/3e5985a0a7e57de470b320c6d6a1a67c844f6737a587f3d44dd13d1819e7/wcwidth-0.8.2-py3-none-any.whl", hash = "sha256:d63947694a0539a1d51e01eda7caf800c291020e6cdd7e28ad7b14dd33ad4f85", size = 323166, upload-time = "2026-06-29T18:11:09.888Z" },
]
